// !$*UTF8*$!
{
	archiveVersion = 1;
	classes = {
	};
	objectVersion = 56;
	objects = {

/* Begin PBXBuildFile section */
		A00100000000000000000001 /* SmolishApp.swift in Sources */ = {isa = PBXBuildFile; fileRef = B00100000000000000000001 /* SmolishApp.swift */; };
		A00100000000000000000002 /* AppTheme.swift in Sources */ = {isa = PBXBuildFile; fileRef = B00100000000000000000002 /* AppTheme.swift */; };
		A00100000000000000000003 /* Video.swift in Sources */ = {isa = PBXBuildFile; fileRef = B00100000000000000000003 /* Video.swift */; };
		A00100000000000000000004 /* APIClient.swift in Sources */ = {isa = PBXBuildFile; fileRef = B00100000000000000000004 /* APIClient.swift */; };
		A00100000000000000000005 /* FeedViewModel.swift in Sources */ = {isa = PBXBuildFile; fileRef = B00100000000000000000005 /* FeedViewModel.swift */; };
		A00100000000000000000006 /* FeedView.swift in Sources */ = {isa = PBXBuildFile; fileRef = B00100000000000000000006 /* FeedView.swift */; };
		A00100000000000000000007 /* VideoPageView.swift in Sources */ = {isa = PBXBuildFile; fileRef = B00100000000000000000007 /* VideoPageView.swift */; };
		A00100000000000000000008 /* SearchView.swift in Sources */ = {isa = PBXBuildFile; fileRef = B00100000000000000000008 /* SearchView.swift */; };
		A00100000000000000000009 /* ProfileView.swift in Sources */ = {isa = PBXBuildFile; fileRef = B00100000000000000000009 /* ProfileView.swift */; };
		A0010000000000000000000A /* RootTabView.swift in Sources */ = {isa = PBXBuildFile; fileRef = B0010000000000000000000A /* RootTabView.swift */; };
		A0010000000000000000000B /* Assets.xcassets in Resources */ = {isa = PBXBuildFile; fileRef = B0010000000000000000000B /* Assets.xcassets */; };
		A0010000000000000000000C /* SessionStore.swift in Sources */ = {isa = PBXBuildFile; fileRef = B0010000000000000000000D /* SessionStore.swift */; };
		A0010000000000000000000D /* NotificationsView.swift in Sources */ = {isa = PBXBuildFile; fileRef = B0010000000000000000000E /* NotificationsView.swift */; };
		A0010000000000000000000E /* StudioView.swift in Sources */ = {isa = PBXBuildFile; fileRef = B0010000000000000000000F /* StudioView.swift */; };
		A0010000000000000000000F /* CommentsView.swift in Sources */ = {isa = PBXBuildFile; fileRef = B00100000000000000000010 /* CommentsView.swift */; };
		A00100000000000000000010 /* SmolishIcon.icon in Resources */ = {isa = PBXBuildFile; fileRef = B00100000000000000000011 /* SmolishIcon.icon */; };
		A00100000000000000000011 /* WebAuthenticationStore.swift in Sources */ = {isa = PBXBuildFile; fileRef = B00100000000000000000012 /* WebAuthenticationStore.swift */; };
/* End PBXBuildFile section */

/* Begin PBXFileReference section */
		B00100000000000000000000 /* Smolish.app */ = {isa = PBXFileReference; explicitFileType = wrapper.application; includeInIndex = 0; path = Smolish.app; sourceTree = BUILT_PRODUCTS_DIR; };
		B00100000000000000000001 /* SmolishApp.swift */ = {isa = PBXFileReference; lastKnownFileType = sourcecode.swift; path = SmolishApp.swift; sourceTree = "<group>"; };
		B00100000000000000000002 /* AppTheme.swift */ = {isa = PBXFileReference; lastKnownFileType = sourcecode.swift; path = AppTheme.swift; sourceTree = "<group>"; };
		B00100000000000000000003 /* Video.swift */ = {isa = PBXFileReference; lastKnownFileType = sourcecode.swift; path = Video.swift; sourceTree = "<group>"; };
		B00100000000000000000004 /* APIClient.swift */ = {isa = PBXFileReference; lastKnownFileType = sourcecode.swift; path = APIClient.swift; sourceTree = "<group>"; };
		B00100000000000000000005 /* FeedViewModel.swift */ = {isa = PBXFileReference; lastKnownFileType = sourcecode.swift; path = FeedViewModel.swift; sourceTree = "<group>"; };
		B00100000000000000000006 /* FeedView.swift */ = {isa = PBXFileReference; lastKnownFileType = sourcecode.swift; path = FeedView.swift; sourceTree = "<group>"; };
		B00100000000000000000007 /* VideoPageView.swift */ = {isa = PBXFileReference; lastKnownFileType = sourcecode.swift; path = VideoPageView.swift; sourceTree = "<group>"; };
		B00100000000000000000008 /* SearchView.swift */ = {isa = PBXFileReference; lastKnownFileType = sourcecode.swift; path = SearchView.swift; sourceTree = "<group>"; };
		B00100000000000000000009 /* ProfileView.swift */ = {isa = PBXFileReference; lastKnownFileType = sourcecode.swift; path = ProfileView.swift; sourceTree = "<group>"; };
		B0010000000000000000000A /* RootTabView.swift */ = {isa = PBXFileReference; lastKnownFileType = sourcecode.swift; path = RootTabView.swift; sourceTree = "<group>"; };
		B0010000000000000000000B /* Assets.xcassets */ = {isa = PBXFileReference; lastKnownFileType = folder.assetcatalog; path = Assets.xcassets; sourceTree = "<group>"; };
		B0010000000000000000000C /* Info.plist */ = {isa = PBXFileReference; lastKnownFileType = text.plist.xml; path = Info.plist; sourceTree = "<group>"; };
		B0010000000000000000000D /* SessionStore.swift */ = {isa = PBXFileReference; lastKnownFileType = sourcecode.swift; path = SessionStore.swift; sourceTree = "<group>"; };
		B0010000000000000000000E /* NotificationsView.swift */ = {isa = PBXFileReference; lastKnownFileType = sourcecode.swift; path = NotificationsView.swift; sourceTree = "<group>"; };
		B0010000000000000000000F /* StudioView.swift */ = {isa = PBXFileReference; lastKnownFileType = sourcecode.swift; path = StudioView.swift; sourceTree = "<group>"; };
		B00100000000000000000010 /* CommentsView.swift */ = {isa = PBXFileReference; lastKnownFileType = sourcecode.swift; path = CommentsView.swift; sourceTree = "<group>"; };
		B00100000000000000000011 /* SmolishIcon.icon */ = {isa = PBXFileReference; lastKnownFileType = folder.iconcomposer; path = SmolishIcon.icon; sourceTree = "<group>"; };
		B00100000000000000000012 /* WebAuthenticationStore.swift */ = {isa = PBXFileReference; lastKnownFileType = sourcecode.swift; path = WebAuthenticationStore.swift; sourceTree = "<group>"; };
/* End PBXFileReference section */

/* Begin PBXFrameworksBuildPhase section */
		C00100000000000000000001 /* Frameworks */ = {
			isa = PBXFrameworksBuildPhase;
			buildActionMask = 2147483647;
			files = (
			);
			runOnlyForDeploymentPostprocessing = 0;
		};
/* End PBXFrameworksBuildPhase section */

/* Begin PBXGroup section */
		D00100000000000000000001 = {
			isa = PBXGroup;
			children = (
				D00100000000000000000002 /* Smolish */,
				D00100000000000000000008 /* Products */,
			);
			sourceTree = "<group>";
		};
		D00100000000000000000002 /* Smolish */ = {
			isa = PBXGroup;
			children = (
				B00100000000000000000001 /* SmolishApp.swift */,
				B00100000000000000000002 /* AppTheme.swift */,
				B0010000000000000000000A /* RootTabView.swift */,
				D00100000000000000000003 /* Models */,
				D00100000000000000000004 /* Services */,
				D00100000000000000000005 /* Features */,
				B0010000000000000000000B /* Assets.xcassets */,
				B00100000000000000000011 /* SmolishIcon.icon */,
				B0010000000000000000000C /* Info.plist */,
			);
			path = Smolish;
			sourceTree = "<group>";
		};
		D00100000000000000000003 /* Models */ = {
			isa = PBXGroup;
			children = (
				B00100000000000000000003 /* Video.swift */,
			);
			path = Models;
			sourceTree = "<group>";
		};
		D00100000000000000000004 /* Services */ = {
			isa = PBXGroup;
			children = (
				B00100000000000000000004 /* APIClient.swift */,
				B0010000000000000000000D /* SessionStore.swift */,
				B00100000000000000000012 /* WebAuthenticationStore.swift */,
			);
			path = Services;
			sourceTree = "<group>";
		};
		D00100000000000000000005 /* Features */ = {
			isa = PBXGroup;
			children = (
				D00100000000000000000006 /* Feed */,
				D00100000000000000000009 /* Search */,
				D0010000000000000000000A /* Profile */,
				D0010000000000000000000B /* Notifications */,
				D0010000000000000000000C /* Studio */,
				D0010000000000000000000D /* Comments */,
			);
			path = Features;
			sourceTree = "<group>";
		};
		D00100000000000000000006 /* Feed */ = {
			isa = PBXGroup;
			children = (
				B00100000000000000000005 /* FeedViewModel.swift */,
				B00100000000000000000006 /* FeedView.swift */,
				B00100000000000000000007 /* VideoPageView.swift */,
			);
			path = Feed;
			sourceTree = "<group>";
		};
		D00100000000000000000008 /* Products */ = {
			isa = PBXGroup;
			children = (
				B00100000000000000000000 /* Smolish.app */,
			);
			name = Products;
			sourceTree = "<group>";
		};
		D00100000000000000000009 /* Search */ = {
			isa = PBXGroup;
			children = (
				B00100000000000000000008 /* SearchView.swift */,
			);
			path = Search;
			sourceTree = "<group>";
		};
		D0010000000000000000000A /* Profile */ = {
			isa = PBXGroup;
			children = (
				B00100000000000000000009 /* ProfileView.swift */,
			);
			path = Profile;
			sourceTree = "<group>";
		};
		D0010000000000000000000B /* Notifications */ = {
			isa = PBXGroup;
			children = (
				B0010000000000000000000E /* NotificationsView.swift */,
			);
			path = Notifications;
			sourceTree = "<group>";
		};
		D0010000000000000000000C /* Studio */ = {
			isa = PBXGroup;
			children = (
				B0010000000000000000000F /* StudioView.swift */,
			);
			path = Studio;
			sourceTree = "<group>";
		};
		D0010000000000000000000D /* Comments */ = {
			isa = PBXGroup;
			children = (
				B00100000000000000000010 /* CommentsView.swift */,
			);
			path = Comments;
			sourceTree = "<group>";
		};
/* End PBXGroup section */

/* Begin PBXNativeTarget section */
		E00100000000000000000001 /* Smolish */ = {
			isa = PBXNativeTarget;
			buildConfigurationList = F00100000000000000000001 /* Build configuration list for PBXNativeTarget "Smolish" */;
			buildPhases = (
				C00100000000000000000002 /* Sources */,
				C00100000000000000000001 /* Frameworks */,
				C00100000000000000000003 /* Resources */,
			);
			buildRules = (
			);
			dependencies = (
			);
			name = Smolish;
			productName = Smolish;
			productReference = B00100000000000000000000 /* Smolish.app */;
			productType = "com.apple.product-type.application";
		};
/* End PBXNativeTarget section */

/* Begin PBXProject section */
		E00100000000000000000002 /* Project object */ = {
			isa = PBXProject;
			attributes = {
				BuildIndependentTargetsInParallel = 1;
				LastSwiftUpdateCheck = 2660;
				LastUpgradeCheck = 2660;
				TargetAttributes = {
					E00100000000000000000001 = {
						CreatedOnToolsVersion = 26.6;
					};
				};
			};
			buildConfigurationList = F00100000000000000000002 /* Build configuration list for PBXProject "Smolish" */;
			compatibilityVersion = "Xcode 14.0";
			developmentRegion = en;
			hasScannedForEncodings = 0;
			knownRegions = (
				en,
				Base,
			);
			mainGroup = D00100000000000000000001;
			productRefGroup = D00100000000000000000008 /* Products */;
			projectDirPath = "";
			projectRoot = "";
			targets = (
				E00100000000000000000001 /* Smolish */,
			);
		};
/* End PBXProject section */

/* Begin PBXResourcesBuildPhase section */
		C00100000000000000000003 /* Resources */ = {
			isa = PBXResourcesBuildPhase;
			buildActionMask = 2147483647;
			files = (
				A0010000000000000000000B /* Assets.xcassets in Resources */,
				A00100000000000000000010 /* SmolishIcon.icon in Resources */,
			);
			runOnlyForDeploymentPostprocessing = 0;
		};
/* End PBXResourcesBuildPhase section */

/* Begin PBXSourcesBuildPhase section */
		C00100000000000000000002 /* Sources */ = {
			isa = PBXSourcesBuildPhase;
			buildActionMask = 2147483647;
			files = (
				A00100000000000000000001 /* SmolishApp.swift in Sources */,
				A00100000000000000000002 /* AppTheme.swift in Sources */,
				A00100000000000000000003 /* Video.swift in Sources */,
				A00100000000000000000004 /* APIClient.swift in Sources */,
				A00100000000000000000005 /* FeedViewModel.swift in Sources */,
				A00100000000000000000006 /* FeedView.swift in Sources */,
				A00100000000000000000007 /* VideoPageView.swift in Sources */,
				A00100000000000000000008 /* SearchView.swift in Sources */,
				A00100000000000000000009 /* ProfileView.swift in Sources */,
				A0010000000000000000000A /* RootTabView.swift in Sources */,
				A0010000000000000000000C /* SessionStore.swift in Sources */,
				A0010000000000000000000D /* NotificationsView.swift in Sources */,
				A0010000000000000000000E /* StudioView.swift in Sources */,
				A0010000000000000000000F /* CommentsView.swift in Sources */,
				A00100000000000000000011 /* WebAuthenticationStore.swift in Sources */,
			);
			runOnlyForDeploymentPostprocessing = 0;
		};
/* End PBXSourcesBuildPhase section */

/* Begin XCBuildConfiguration section */
		F00100000000000000000003 /* Debug */ = {
			isa = XCBuildConfiguration;
			buildSettings = {
				ALWAYS_SEARCH_USER_PATHS = NO;
				CLANG_ENABLE_MODULES = YES;
				CLANG_ENABLE_OBJC_ARC = YES;
				CLANG_WARN_BOOL_CONVERSION = YES;
				CLANG_WARN_CONSTANT_CONVERSION = YES;
				CLANG_WARN_DOCUMENTATION_COMMENTS = YES;
				CLANG_WARN_EMPTY_BODY = YES;
				CLANG_WARN_ENUM_CONVERSION = YES;
				CLANG_WARN_INFINITE_RECURSION = YES;
				CLANG_WARN_INT_CONVERSION = YES;
				CLANG_WARN_UNREACHABLE_CODE = YES;
				COPY_PHASE_STRIP = NO;
				DEBUG_INFORMATION_FORMAT = dwarf;
				ENABLE_TESTABILITY = YES;
				GCC_C_LANGUAGE_STANDARD = gnu17;
				GCC_NO_COMMON_BLOCKS = YES;
				GCC_OPTIMIZATION_LEVEL = 0;
				GCC_PREPROCESSOR_DEFINITIONS = (
					"DEBUG=1",
					"$(inherited)",
				);
				IPHONEOS_DEPLOYMENT_TARGET = 17.0;
				MTL_ENABLE_DEBUG_INFO = INCLUDE_SOURCE;
				ONLY_ACTIVE_ARCH = YES;
				SDKROOT = iphoneos;
				SWIFT_ACTIVE_COMPILATION_CONDITIONS = "DEBUG $(inherited)";
				SWIFT_OPTIMIZATION_LEVEL = "-Onone";
			};
			name = Debug;
		};
		F00100000000000000000004 /* Release */ = {
			isa = XCBuildConfiguration;
			buildSettings = {
				ALWAYS_SEARCH_USER_PATHS = NO;
				CLANG_ENABLE_MODULES = YES;
				CLANG_ENABLE_OBJC_ARC = YES;
				CLANG_WARN_BOOL_CONVERSION = YES;
				CLANG_WARN_CONSTANT_CONVERSION = YES;
				CLANG_WARN_DOCUMENTATION_COMMENTS = YES;
				CLANG_WARN_EMPTY_BODY = YES;
				CLANG_WARN_ENUM_CONVERSION = YES;
				CLANG_WARN_INFINITE_RECURSION = YES;
				CLANG_WARN_INT_CONVERSION = YES;
				CLANG_WARN_UNREACHABLE_CODE = YES;
				COPY_PHASE_STRIP = NO;
				DEBUG_INFORMATION_FORMAT = "dwarf-with-dsym";
				ENABLE_NS_ASSERTIONS = NO;
				GCC_C_LANGUAGE_STANDARD = gnu17;
				GCC_NO_COMMON_BLOCKS = YES;
				IPHONEOS_DEPLOYMENT_TARGET = 17.0;
				MTL_ENABLE_DEBUG_INFO = NO;
				SDKROOT = iphoneos;
				SWIFT_COMPILATION_MODE = wholemodule;
				SWIFT_OPTIMIZATION_LEVEL = "-O";
				VALIDATE_PRODUCT = YES;
			};
			name = Release;
		};
		F00100000000000000000005 /* Debug */ = {
			isa = XCBuildConfiguration;
			buildSettings = {
				ASSETCATALOG_COMPILER_APPICON_NAME = SmolishIcon;
				ASSETCATALOG_COMPILER_GLOBAL_ACCENT_COLOR_NAME = AccentColor;
				CODE_SIGN_STYLE = Automatic;
				CURRENT_PROJECT_VERSION = 2;
				DEVELOPMENT_TEAM = XS8TT8J8G5;
				GENERATE_INFOPLIST_FILE = NO;
				INFOPLIST_FILE = Smolish/Info.plist;
				IPHONEOS_DEPLOYMENT_TARGET = 26.0;
				LD_RUNPATH_SEARCH_PATHS = (
					"$(inherited)",
					"@executable_path/Frameworks",
				);
				MARKETING_VERSION = 2.0;
				PRODUCT_BUNDLE_IDENTIFIER = com.smolish.ios;
				PRODUCT_NAME = "$(TARGET_NAME)";
				SUPPORTED_PLATFORMS = "iphoneos iphonesimulator";
				SUPPORTS_MACCATALYST = NO;
				SUPPORTS_MAC_DESIGNED_FOR_IPHONE_IPAD = NO;
				SUPPORTS_XR_DESIGNED_FOR_IPHONE_IPAD = NO;
				SWIFT_EMIT_LOC_STRINGS = YES;
				SWIFT_VERSION = 5.0;
				TARGETED_DEVICE_FAMILY = 1;
			};
			name = Debug;
		};
		F00100000000000000000006 /* Release */ = {
			isa = XCBuildConfiguration;
			buildSettings = {
				ASSETCATALOG_COMPILER_APPICON_NAME = SmolishIcon;
				ASSETCATALOG_COMPILER_GLOBAL_ACCENT_COLOR_NAME = AccentColor;
				CODE_SIGN_STYLE = Automatic;
				CURRENT_PROJECT_VERSION = 2;
				DEVELOPMENT_TEAM = XS8TT8J8G5;
				GENERATE_INFOPLIST_FILE = NO;
				INFOPLIST_FILE = Smolish/Info.plist;
				IPHONEOS_DEPLOYMENT_TARGET = 26.0;
				LD_RUNPATH_SEARCH_PATHS = (
					"$(inherited)",
					"@executable_path/Frameworks",
				);
				MARKETING_VERSION = 2.0;
				PRODUCT_BUNDLE_IDENTIFIER = com.smolish.ios;
				PRODUCT_NAME = "$(TARGET_NAME)";
				SUPPORTED_PLATFORMS = "iphoneos iphonesimulator";
				SUPPORTS_MACCATALYST = NO;
				SUPPORTS_MAC_DESIGNED_FOR_IPHONE_IPAD = NO;
				SUPPORTS_XR_DESIGNED_FOR_IPHONE_IPAD = NO;
				SWIFT_EMIT_LOC_STRINGS = YES;
				SWIFT_VERSION = 5.0;
				TARGETED_DEVICE_FAMILY = 1;
			};
			name = Release;
		};
/* End XCBuildConfiguration section */

/* Begin XCConfigurationList section */
		F00100000000000000000001 /* Build configuration list for PBXNativeTarget "Smolish" */ = {
			isa = XCConfigurationList;
			buildConfigurations = (
				F00100000000000000000005 /* Debug */,
				F00100000000000000000006 /* Release */,
			);
			defaultConfigurationIsVisible = 0;
			defaultConfigurationName = Release;
		};
		F00100000000000000000002 /* Build configuration list for PBXProject "Smolish" */ = {
			isa = XCConfigurationList;
			buildConfigurations = (
				F00100000000000000000003 /* Debug */,
				F00100000000000000000004 /* Release */,
			);
			defaultConfigurationIsVisible = 0;
			defaultConfigurationName = Release;
		};
/* End XCConfigurationList section */
	};
	rootObject = E00100000000000000000002 /* Project object */;
}
